
Microsoft Visual Studio Solution File, Format Version 12.00
# Visual Studio 2012
Project("{8BC9CEB8-8B4A-11D0-8D11-00A0C91BC942}") = "linearSolver", "linearSolver\linearSolver.vcxproj", "{DECFCF3E-C42F-4674-B514-033BC0402038}"
EndProject
Global
	GlobalSection(SolutionConfigurationPlatforms) = preSolution
		Debug|Win32 = Debug|Win32
		Release|Win32 = Release|Win32
	EndGlobalSection
	GlobalSection(ProjectConfigurationPlatforms) = postSolution
		{DECFCF3E-C42F-4674-B514-033BC0402038}.Debug|Win32.ActiveCfg = Debug|Win32
		{DECFCF3E-C42F-4674-B514-033BC0402038}.Debug|Win32.Build.0 = Debug|Win32
		{DECFCF3E-C42F-4674-B514-033BC0402038}.Release|Win32.ActiveCfg = Release|Win32
		{DECFCF3E-C42F-4674-B514-033BC0402038}.Release|Win32.Build.0 = Release|Win32
	EndGlobalSection
	GlobalSection(SolutionProperties) = preSolution
		HideSolutionNode = FALSE
	EndGlobalSection
EndGlobal
